
Microsoft Visual Studio Solution File, Format Version 12.00
# Visual Studio Version 17
VisualStudioVersion = 17.8.34330.188
MinimumVisualStudioVersion = 10.0.40219.1
Project("{FAE04EC0-301F-11D3-BF4B-00C04F79EFBC}") = "QLGVFunction2", "QLGVFunction2\QLGVFunction2.csproj", "{4E218118-949C-42AB-9CA5-6E6AF12957A8}"
EndProject
Global
	GlobalSection(SolutionConfigurationPlatforms) = preSolution
		Debug|Any CPU = Debug|Any CPU
		Release|Any CPU = Release|Any CPU
	EndGlobalSection
	GlobalSection(ProjectConfigurationPlatforms) = postSolution
		{4E218118-949C-42AB-9CA5-6E6AF12957A8}.Debug|Any CPU.ActiveCfg = Debug|Any CPU
		{4E218118-949C-42AB-9CA5-6E6AF12957A8}.Debug|Any CPU.Build.0 = Debug|Any CPU
		{4E218118-949C-42AB-9CA5-6E6AF12957A8}.Release|Any CPU.ActiveCfg = Release|Any CPU
		{4E218118-949C-42AB-9CA5-6E6AF12957A8}.Release|Any CPU.Build.0 = Release|Any CPU
	EndGlobalSection
	GlobalSection(SolutionProperties) = preSolution
		HideSolutionNode = FALSE
	EndGlobalSection
	GlobalSection(ExtensibilityGlobals) = postSolution
		SolutionGuid = {391948C8-2788-440B-AA29-5BFAFECFF0CD}
	EndGlobalSection
EndGlobal
